
Microsoft Visual Studio Solution File, Format Version 12.00
# Visual Studio Version 16
VisualStudioVersion = 16.0.29306.81
MinimumVisualStudioVersion = 10.0.40219.1
Project("{FAE04EC0-301F-11D3-BF4B-00C04F79EFBC}") = "PaschoalottoApi", "PaschoalottoApi\PaschoalottoApi.csproj", "{20484DFE-A48E-41ED-A7F0-D912664D94A9}"
EndProject
Project("{FAE04EC0-301F-11D3-BF4B-00C04F79EFBC}") = "BancoDeDados", "BancoDeDados\BancoDeDados.csproj", "{166B91E1-2F5B-42BE-A511-058320D87ABB}"
EndProject
Global
	GlobalSection(SolutionConfigurationPlatforms) = preSolution
		Debug|Any CPU = Debug|Any CPU
		Release|Any CPU = Release|Any CPU
	EndGlobalSection
	GlobalSection(ProjectConfigurationPlatforms) = postSolution
		{20484DFE-A48E-41ED-A7F0-D912664D94A9}.Debug|Any CPU.ActiveCfg = Debug|Any CPU
		{20484DFE-A48E-41ED-A7F0-D912664D94A9}.Debug|Any CPU.Build.0 = Debug|Any CPU
		{20484DFE-A48E-41ED-A7F0-D912664D94A9}.Release|Any CPU.ActiveCfg = Release|Any CPU
		{20484DFE-A48E-41ED-A7F0-D912664D94A9}.Release|Any CPU.Build.0 = Release|Any CPU
		{166B91E1-2F5B-42BE-A511-058320D87ABB}.Debug|Any CPU.ActiveCfg = Debug|Any CPU
		{166B91E1-2F5B-42BE-A511-058320D87ABB}.Debug|Any CPU.Build.0 = Debug|Any CPU
		{166B91E1-2F5B-42BE-A511-058320D87ABB}.Release|Any CPU.ActiveCfg = Release|Any CPU
		{166B91E1-2F5B-42BE-A511-058320D87ABB}.Release|Any CPU.Build.0 = Release|Any CPU
	EndGlobalSection
	GlobalSection(SolutionProperties) = preSolution
		HideSolutionNode = FALSE
	EndGlobalSection
	GlobalSection(ExtensibilityGlobals) = postSolution
		SolutionGuid = {ADBCAA39-D8E5-4E6A-A2DA-3D7945B6BF40}
	EndGlobalSection
EndGlobal
